// !$*UTF8*$!
{
	archiveVersion = 1;
	classes = {
	};
	objectVersion = 55;
	objects = {

/* Begin PBXBuildFile section */
		DE94BB622793234E006F03B4 /* TabBarViewController.swift in Sources */ = {isa = PBXBuildFile; fileRef = DE94BB612793234E006F03B4 /* TabBarViewController.swift */; };
		DE94BB6727933988006F03B4 /* TrendingViewController.xib in Resources */ = {isa = PBXBuildFile; fileRef = DE94BB6627933988006F03B4 /* TrendingViewController.xib */; };
		DE94BB6A27938DC6006F03B4 /* NewMoviePosterTableViewCell.swift in Sources */ = {isa = PBXBuildFile; fileRef = DE94BB6827938DC6006F03B4 /* NewMoviePosterTableViewCell.swift */; };
		DE94BB6B27938DC6006F03B4 /* NewMoviePosterTableViewCell.xib in Resources */ = {isa = PBXBuildFile; fileRef = DE94BB6927938DC6006F03B4 /* NewMoviePosterTableViewCell.xib */; };
		DE94BB702793915B006F03B4 /* Movie.swift in Sources */ = {isa = PBXBuildFile; fileRef = DE94BB6F2793915B006F03B4 /* Movie.swift */; };
		DE94BB7527939346006F03B4 /* MoviePosterCollectionViewCell.swift in Sources */ = {isa = PBXBuildFile; fileRef = DE94BB7327939346006F03B4 /* MoviePosterCollectionViewCell.swift */; };
		DE94BB7627939346006F03B4 /* MoviePosterCollectionViewCell.xib in Resources */ = {isa = PBXBuildFile; fileRef = DE94BB7427939346006F03B4 /* MoviePosterCollectionViewCell.xib */; };
		DE94BB79279482E2006F03B4 /* TrendingTableViewHeader.swift in Sources */ = {isa = PBXBuildFile; fileRef = DE94BB78279482E2006F03B4 /* TrendingTableViewHeader.swift */; };
		DE94BB7E2795D4C0006F03B4 /* TrendingViewModel.swift in Sources */ = {isa = PBXBuildFile; fileRef = DE94BB7D2795D4C0006F03B4 /* TrendingViewModel.swift */; };
		DEAE07D327615483004F44C4 /* AppDelegate.swift in Sources */ = {isa = PBXBuildFile; fileRef = DEAE07D227615483004F44C4 /* AppDelegate.swift */; };
		DEAE07D527615483004F44C4 /* SceneDelegate.swift in Sources */ = {isa = PBXBuildFile; fileRef = DEAE07D427615483004F44C4 /* SceneDelegate.swift */; };
		DEAE07DC27615488004F44C4 /* Assets.xcassets in Resources */ = {isa = PBXBuildFile; fileRef = DEAE07DB27615488004F44C4 /* Assets.xcassets */; };
		DEAE07DF27615488004F44C4 /* LaunchScreen.storyboard in Resources */ = {isa = PBXBuildFile; fileRef = DEAE07DD27615488004F44C4 /* LaunchScreen.storyboard */; };
		DEAE07E927615D85004F44C4 /* TrendingViewController.swift in Sources */ = {isa = PBXBuildFile; fileRef = DEAE07E827615D85004F44C4 /* TrendingViewController.swift */; };
		DEAE07EC27615DC4004F44C4 /* TopRatingsViewController.swift in Sources */ = {isa = PBXBuildFile; fileRef = DEAE07EB27615DC4004F44C4 /* TopRatingsViewController.swift */; };
		DEAE07EE27615DD3004F44C4 /* SearchViewController.swift in Sources */ = {isa = PBXBuildFile; fileRef = DEAE07ED27615DD3004F44C4 /* SearchViewController.swift */; };
		DEAE07F027615DE6004F44C4 /* TVShowViewController.swift in Sources */ = {isa = PBXBuildFile; fileRef = DEAE07EF27615DE6004F44C4 /* TVShowViewController.swift */; };
/* End PBXBuildFile section */

/* Begin PBXFileReference section */
		DE94BB612793234E006F03B4 /* TabBarViewController.swift */ = {isa = PBXFileReference; lastKnownFileType = sourcecode.swift; path = TabBarViewController.swift; sourceTree = "<group>"; };
		DE94BB6627933988006F03B4 /* TrendingViewController.xib */ = {isa = PBXFileReference; lastKnownFileType = file.xib; path = TrendingViewController.xib; sourceTree = "<group>"; };
		DE94BB6827938DC6006F03B4 /* NewMoviePosterTableViewCell.swift */ = {isa = PBXFileReference; lastKnownFileType = sourcecode.swift; path = NewMoviePosterTableViewCell.swift; sourceTree = "<group>"; };
		DE94BB6927938DC6006F03B4 /* NewMoviePosterTableViewCell.xib */ = {isa = PBXFileReference; lastKnownFileType = file.xib; path = NewMoviePosterTableViewCell.xib; sourceTree = "<group>"; };
		DE94BB6F2793915B006F03B4 /* Movie.swift */ = {isa = PBXFileReference; lastKnownFileType = sourcecode.swift; path = Movie.swift; sourceTree = "<group>"; };
		DE94BB7327939346006F03B4 /* MoviePosterCollectionViewCell.swift */ = {isa = PBXFileReference; lastKnownFileType = sourcecode.swift; path = MoviePosterCollectionViewCell.swift; sourceTree = "<group>"; };
		DE94BB7427939346006F03B4 /* MoviePosterCollectionViewCell.xib */ = {isa = PBXFileReference; lastKnownFileType = file.xib; path = MoviePosterCollectionViewCell.xib; sourceTree = "<group>"; };
		DE94BB78279482E2006F03B4 /* TrendingTableViewHeader.swift */ = {isa = PBXFileReference; lastKnownFileType = sourcecode.swift; path = TrendingTableViewHeader.swift; sourceTree = "<group>"; };
		DE94BB7D2795D4C0006F03B4 /* TrendingViewModel.swift */ = {isa = PBXFileReference; lastKnownFileType = sourcecode.swift; path = TrendingViewModel.swift; sourceTree = "<group>"; };
		DEAE07CF27615483004F44C4 /* Movie Time.app */ = {isa = PBXFileReference; explicitFileType = wrapper.application; includeInIndex = 0; path = "Movie Time.app"; sourceTree = BUILT_PRODUCTS_DIR; };
		DEAE07D227615483004F44C4 /* AppDelegate.swift */ = {isa = PBXFileReference; lastKnownFileType = sourcecode.swift; path = AppDelegate.swift; sourceTree = "<group>"; };
		DEAE07D427615483004F44C4 /* SceneDelegate.swift */ = {isa = PBXFileReference; lastKnownFileType = sourcecode.swift; path = SceneDelegate.swift; sourceTree = "<group>"; };
		DEAE07DB27615488004F44C4 /* Assets.xcassets */ = {isa = PBXFileReference; lastKnownFileType = folder.assetcatalog; path = Assets.xcassets; sourceTree = "<group>"; };
		DEAE07DE27615488004F44C4 /* Base */ = {isa = PBXFileReference; lastKnownFileType = file.storyboard; name = Base; path = Base.lproj/LaunchScreen.storyboard; sourceTree = "<group>"; };
		DEAE07E027615488004F44C4 /* Info.plist */ = {isa = PBXFileReference; lastKnownFileType = text.plist.xml; path = Info.plist; sourceTree = "<group>"; };
		DEAE07E827615D85004F44C4 /* TrendingViewController.swift */ = {isa = PBXFileReference; lastKnownFileType = sourcecode.swift; path = TrendingViewController.swift; sourceTree = "<group>"; };
		DEAE07EB27615DC4004F44C4 /* TopRatingsViewController.swift */ = {isa = PBXFileReference; lastKnownFileType = sourcecode.swift; path = TopRatingsViewController.swift; sourceTree = "<group>"; };
		DEAE07ED27615DD3004F44C4 /* SearchViewController.swift */ = {isa = PBXFileReference; lastKnownFileType = sourcecode.swift; path = SearchViewController.swift; sourceTree = "<group>"; };
		DEAE07EF27615DE6004F44C4 /* TVShowViewController.swift */ = {isa = PBXFileReference; lastKnownFileType = sourcecode.swift; path = TVShowViewController.swift; sourceTree = "<group>"; };
/* End PBXFileReference section */

/* Begin PBXFrameworksBuildPhase section */
		DEAE07CC27615483004F44C4 /* Frameworks */ = {
			isa = PBXFrameworksBuildPhase;
			buildActionMask = 2147483647;
			files = (
			);
			runOnlyForDeploymentPostprocessing = 0;
		};
/* End PBXFrameworksBuildPhase section */

/* Begin PBXGroup section */
		DE1DB30A27931EB900918A37 /* Core */ = {
			isa = PBXGroup;
			children = (
				DE94BB612793234E006F03B4 /* TabBarViewController.swift */,
				DEAE07E827615D85004F44C4 /* TrendingViewController.swift */,
				DEAE07EB27615DC4004F44C4 /* TopRatingsViewController.swift */,
				DEAE07ED27615DD3004F44C4 /* SearchViewController.swift */,
				DEAE07EF27615DE6004F44C4 /* TVShowViewController.swift */,
			);
			path = Core;
			sourceTree = "<group>";
		};
		DE94BB6327933814006F03B4 /* Views */ = {
			isa = PBXGroup;
			children = (
				DE94BB6D27938DE6006F03B4 /* Core views */,
				DE94BB6C27938DCB006F03B4 /* Cells */,
			);
			path = Views;
			sourceTree = "<group>";
		};
		DE94BB6427933835006F03B4 /* Resourses */ = {
			isa = PBXGroup;
			children = (
				DEAE07D227615483004F44C4 /* AppDelegate.swift */,
				DEAE07D427615483004F44C4 /* SceneDelegate.swift */,
				DEAE07DD27615488004F44C4 /* LaunchScreen.storyboard */,
			);
			path = Resourses;
			sourceTree = "<group>";
		};
		DE94BB6527933876006F03B4 /* ViewModels */ = {
			isa = PBXGroup;
			children = (
			);
			path = ViewModels;
			sourceTree = "<group>";
		};
		DE94BB6C27938DCB006F03B4 /* Cells */ = {
			isa = PBXGroup;
			children = (
				DE94BB7227939309006F03B4 /* CollectionViewCells */,
				DE94BB71279392FF006F03B4 /* TableVIewCells */,
			);
			path = Cells;
			sourceTree = "<group>";
		};
		DE94BB6D27938DE6006F03B4 /* Core views */ = {
			isa = PBXGroup;
			children = (
				DE94BB6627933988006F03B4 /* TrendingViewController.xib */,
			);
			path = "Core views";
			sourceTree = "<group>";
		};
		DE94BB6E2793912E006F03B4 /* Models */ = {
			isa = PBXGroup;
			children = (
				DE94BB6F2793915B006F03B4 /* Movie.swift */,
				DE94BB7D2795D4C0006F03B4 /* TrendingViewModel.swift */,
			);
			path = Models;
			sourceTree = "<group>";
		};
		DE94BB71279392FF006F03B4 /* TableVIewCells */ = {
			isa = PBXGroup;
			children = (
				DE94BB6827938DC6006F03B4 /* NewMoviePosterTableViewCell.swift */,
				DE94BB6927938DC6006F03B4 /* NewMoviePosterTableViewCell.xib */,
				DE94BB78279482E2006F03B4 /* TrendingTableViewHeader.swift */,
			);
			path = TableVIewCells;
			sourceTree = "<group>";
		};
		DE94BB7227939309006F03B4 /* CollectionViewCells */ = {
			isa = PBXGroup;
			children = (
				DE94BB7327939346006F03B4 /* MoviePosterCollectionViewCell.swift */,
				DE94BB7427939346006F03B4 /* MoviePosterCollectionViewCell.xib */,
			);
			path = CollectionViewCells;
			sourceTree = "<group>";
		};
		DEAE07C627615483004F44C4 = {
			isa = PBXGroup;
			children = (
				DEAE07D127615483004F44C4 /* Movie Time */,
				DEAE07D027615483004F44C4 /* Products */,
			);
			sourceTree = "<group>";
		};
		DEAE07D027615483004F44C4 /* Products */ = {
			isa = PBXGroup;
			children = (
				DEAE07CF27615483004F44C4 /* Movie Time.app */,
			);
			name = Products;
			sourceTree = "<group>";
		};
		DEAE07D127615483004F44C4 /* Movie Time */ = {
			isa = PBXGroup;
			children = (
				DE94BB6E2793912E006F03B4 /* Models */,
				DE94BB6527933876006F03B4 /* ViewModels */,
				DE94BB6427933835006F03B4 /* Resourses */,
				DE94BB6327933814006F03B4 /* Views */,
				DEAE07EA27615D95004F44C4 /* Controllers */,
				DEAE07DB27615488004F44C4 /* Assets.xcassets */,
				DEAE07E027615488004F44C4 /* Info.plist */,
			);
			path = "Movie Time";
			sourceTree = "<group>";
		};
		DEAE07EA27615D95004F44C4 /* Controllers */ = {
			isa = PBXGroup;
			children = (
				DE1DB30A27931EB900918A37 /* Core */,
			);
			path = Controllers;
			sourceTree = "<group>";
		};
/* End PBXGroup section */

/* Begin PBXNativeTarget section */
		DEAE07CE27615483004F44C4 /* Movie Time */ = {
			isa = PBXNativeTarget;
			buildConfigurationList = DEAE07E327615488004F44C4 /* Build configuration list for PBXNativeTarget "Movie Time" */;
			buildPhases = (
				DEAE07CB27615483004F44C4 /* Sources */,
				DEAE07CC27615483004F44C4 /* Frameworks */,
				DEAE07CD27615483004F44C4 /* Resources */,
			);
			buildRules = (
			);
			dependencies = (
			);
			name = "Movie Time";
			productName = "Movie Time";
			productReference = DEAE07CF27615483004F44C4 /* Movie Time.app */;
			productType = "com.apple.product-type.application";
		};
/* End PBXNativeTarget section */

/* Begin PBXProject section */
		DEAE07C727615483004F44C4 /* Project object */ = {
			isa = PBXProject;
			attributes = {
				BuildIndependentTargetsInParallel = 1;
				LastSwiftUpdateCheck = 1300;
				LastUpgradeCheck = 1300;
				TargetAttributes = {
					DEAE07CE27615483004F44C4 = {
						CreatedOnToolsVersion = 13.0;
					};
				};
			};
			buildConfigurationList = DEAE07CA27615483004F44C4 /* Build configuration list for PBXProject "Movie Time" */;
			compatibilityVersion = "Xcode 13.0";
			developmentRegion = en;
			hasScannedForEncodings = 0;
			knownRegions = (
				en,
				Base,
			);
			mainGroup = DEAE07C627615483004F44C4;
			productRefGroup = DEAE07D027615483004F44C4 /* Products */;
			projectDirPath = "";
			projectRoot = "";
			targets = (
				DEAE07CE27615483004F44C4 /* Movie Time */,
			);
		};
/* End PBXProject section */

/* Begin PBXResourcesBuildPhase section */
		DEAE07CD27615483004F44C4 /* Resources */ = {
			isa = PBXResourcesBuildPhase;
			buildActionMask = 2147483647;
			files = (
				DE94BB7627939346006F03B4 /* MoviePosterCollectionViewCell.xib in Resources */,
				DEAE07DF27615488004F44C4 /* LaunchScreen.storyboard in Resources */,
				DE94BB6B27938DC6006F03B4 /* NewMoviePosterTableViewCell.xib in Resources */,
				DEAE07DC27615488004F44C4 /* Assets.xcassets in Resources */,
				DE94BB6727933988006F03B4 /* TrendingViewController.xib in Resources */,
			);
			runOnlyForDeploymentPostprocessing = 0;
		};
/* End PBXResourcesBuildPhase section */

/* Begin PBXSourcesBuildPhase section */
		DEAE07CB27615483004F44C4 /* Sources */ = {
			isa = PBXSourcesBuildPhase;
			buildActionMask = 2147483647;
			files = (
				DEAE07F027615DE6004F44C4 /* TVShowViewController.swift in Sources */,
				DE94BB6A27938DC6006F03B4 /* NewMoviePosterTableViewCell.swift in Sources */,
				DE94BB702793915B006F03B4 /* Movie.swift in Sources */,
				DEAE07EE27615DD3004F44C4 /* SearchViewController.swift in Sources */,
				DE94BB7527939346006F03B4 /* MoviePosterCollectionViewCell.swift in Sources */,
				DEAE07EC27615DC4004F44C4 /* TopRatingsViewController.swift in Sources */,
				DE94BB7E2795D4C0006F03B4 /* TrendingViewModel.swift in Sources */,
				DEAE07E927615D85004F44C4 /* TrendingViewController.swift in Sources */,
				DE94BB79279482E2006F03B4 /* TrendingTableViewHeader.swift in Sources */,
				DE94BB622793234E006F03B4 /* TabBarViewController.swift in Sources */,
				DEAE07D327615483004F44C4 /* AppDelegate.swift in Sources */,
				DEAE07D527615483004F44C4 /* SceneDelegate.swift in Sources */,
			);
			runOnlyForDeploymentPostprocessing = 0;
		};
/* End PBXSourcesBuildPhase section */

/* Begin PBXVariantGroup section */
		DEAE07DD27615488004F44C4 /* LaunchScreen.storyboard */ = {
			isa = PBXVariantGroup;
			children = (
				DEAE07DE27615488004F44C4 /* Base */,
			);
			name = LaunchScreen.storyboard;
			sourceTree = "<group>";
		};
/* End PBXVariantGroup section */

/* Begin XCBuildConfiguration section */
		DEAE07E127615488004F44C4 /* Debug */ = {
			isa = XCBuildConfiguration;
			buildSettings = {
				ALWAYS_SEARCH_USER_PATHS = NO;
				CLANG_ANALYZER_NONNULL = YES;
				CLANG_ANALYZER_NUMBER_OBJECT_CONVERSION = YES_AGGRESSIVE;
				CLANG_CXX_LANGUAGE_STANDARD = "gnu++17";
				CLANG_CXX_LIBRARY = "libc++";
				CLANG_ENABLE_MODULES = YES;
				CLANG_ENABLE_OBJC_ARC = YES;
				CLANG_ENABLE_OBJC_WEAK = YES;
				CLANG_WARN_BLOCK_CAPTURE_AUTORELEASING = YES;
				CLANG_WARN_BOOL_CONVERSION = YES;
				CLANG_WARN_COMMA = YES;
				CLANG_WARN_CONSTANT_CONVERSION = YES;
				CLANG_WARN_DEPRECATED_OBJC_IMPLEMENTATIONS = YES;
				CLANG_WARN_DIRECT_OBJC_ISA_USAGE = YES_ERROR;
				CLANG_WARN_DOCUMENTATION_COMMENTS = YES;
				CLANG_WARN_EMPTY_BODY = YES;
				CLANG_WARN_ENUM_CONVERSION = YES;
				CLANG_WARN_INFINITE_RECURSION = YES;
				CLANG_WARN_INT_CONVERSION = YES;
				CLANG_WARN_NON_LITERAL_NULL_CONVERSION = YES;
				CLANG_WARN_OBJC_IMPLICIT_RETAIN_SELF = YES;
				CLANG_WARN_OBJC_LITERAL_CONVERSION = YES;
				CLANG_WARN_OBJC_ROOT_CLASS = YES_ERROR;
				CLANG_WARN_QUOTED_INCLUDE_IN_FRAMEWORK_HEADER = YES;
				CLANG_WARN_RANGE_LOOP_ANALYSIS = YES;
				CLANG_WARN_STRICT_PROTOTYPES = YES;
				CLANG_WARN_SUSPICIOUS_MOVE = YES;
				CLANG_WARN_UNGUARDED_AVAILABILITY = YES_AGGRESSIVE;
				CLANG_WARN_UNREACHABLE_CODE = YES;
				CLANG_WARN__DUPLICATE_METHOD_MATCH = YES;
				COPY_PHASE_STRIP = NO;
				DEBUG_INFORMATION_FORMAT = dwarf;
				ENABLE_STRICT_OBJC_MSGSEND = YES;
				ENABLE_TESTABILITY = YES;
				GCC_C_LANGUAGE_STANDARD = gnu11;
				GCC_DYNAMIC_NO_PIC = NO;
				GCC_NO_COMMON_BLOCKS = YES;
				GCC_OPTIMIZATION_LEVEL = 0;
				GCC_PREPROCESSOR_DEFINITIONS = (
					"DEBUG=1",
					"$(inherited)",
				);
				GCC_WARN_64_TO_32_BIT_CONVERSION = YES;
				GCC_WARN_ABOUT_RETURN_TYPE = YES_ERROR;
				GCC_WARN_UNDECLARED_SELECTOR = YES;
				GCC_WARN_UNINITIALIZED_AUTOS = YES_AGGRESSIVE;
				GCC_WARN_UNUSED_FUNCTION = YES;
				GCC_WARN_UNUSED_VARIABLE = YES;
				IPHONEOS_DEPLOYMENT_TARGET = 15.0;
				MTL_ENABLE_DEBUG_INFO = INCLUDE_SOURCE;
				MTL_FAST_MATH = YES;
				ONLY_ACTIVE_ARCH = YES;
				SDKROOT = iphoneos;
				SWIFT_ACTIVE_COMPILATION_CONDITIONS = DEBUG;
				SWIFT_OPTIMIZATION_LEVEL = "-Onone";
			};
			name = Debug;
		};
		DEAE07E227615488004F44C4 /* Release */ = {
			isa = XCBuildConfiguration;
			buildSettings = {
				ALWAYS_SEARCH_USER_PATHS = NO;
				CLANG_ANALYZER_NONNULL = YES;
				CLANG_ANALYZER_NUMBER_OBJECT_CONVERSION = YES_AGGRESSIVE;
				CLANG_CXX_LANGUAGE_STANDARD = "gnu++17";
				CLANG_CXX_LIBRARY = "libc++";
				CLANG_ENABLE_MODULES = YES;
				CLANG_ENABLE_OBJC_ARC = YES;
				CLANG_ENABLE_OBJC_WEAK = YES;
				CLANG_WARN_BLOCK_CAPTURE_AUTORELEASING = YES;
				CLANG_WARN_BOOL_CONVERSION = YES;
				CLANG_WARN_COMMA = YES;
				CLANG_WARN_CONSTANT_CONVERSION = YES;
				CLANG_WARN_DEPRECATED_OBJC_IMPLEMENTATIONS = YES;
				CLANG_WARN_DIRECT_OBJC_ISA_USAGE = YES_ERROR;
				CLANG_WARN_DOCUMENTATION_COMMENTS = YES;
				CLANG_WARN_EMPTY_BODY = YES;
				CLANG_WARN_ENUM_CONVERSION = YES;
				CLANG_WARN_INFINITE_RECURSION = YES;
				CLANG_WARN_INT_CONVERSION = YES;
				CLANG_WARN_NON_LITERAL_NULL_CONVERSION = YES;
				CLANG_WARN_OBJC_IMPLICIT_RETAIN_SELF = YES;
				CLANG_WARN_OBJC_LITERAL_CONVERSION = YES;
				CLANG_WARN_OBJC_ROOT_CLASS = YES_ERROR;
				CLANG_WARN_QUOTED_INCLUDE_IN_FRAMEWORK_HEADER = YES;
				CLANG_WARN_RANGE_LOOP_ANALYSIS = YES;
				CLANG_WARN_STRICT_PROTOTYPES = YES;
				CLANG_WARN_SUSPICIOUS_MOVE = YES;
				CLANG_WARN_UNGUARDED_AVAILABILITY = YES_AGGRESSIVE;
				CLANG_WARN_UNREACHABLE_CODE = YES;
				CLANG_WARN__DUPLICATE_METHOD_MATCH = YES;
				COPY_PHASE_STRIP = NO;
				DEBUG_INFORMATION_FORMAT = "dwarf-with-dsym";
				ENABLE_NS_ASSERTIONS = NO;
				ENABLE_STRICT_OBJC_MSGSEND = YES;
				GCC_C_LANGUAGE_STANDARD = gnu11;
				GCC_NO_COMMON_BLOCKS = YES;
				GCC_WARN_64_TO_32_BIT_CONVERSION = YES;
				GCC_WARN_ABOUT_RETURN_TYPE = YES_ERROR;
				GCC_WARN_UNDECLARED_SELECTOR = YES;
				GCC_WARN_UNINITIALIZED_AUTOS = YES_AGGRESSIVE;
				GCC_WARN_UNUSED_FUNCTION = YES;
				GCC_WARN_UNUSED_VARIABLE = YES;
				IPHONEOS_DEPLOYMENT_TARGET = 15.0;
				MTL_ENABLE_DEBUG_INFO = NO;
				MTL_FAST_MATH = YES;
				SDKROOT = iphoneos;
				SWIFT_COMPILATION_MODE = wholemodule;
				SWIFT_OPTIMIZATION_LEVEL = "-O";
				VALIDATE_PRODUCT = YES;
			};
			name = Release;
		};
		DEAE07E427615488004F44C4 /* Debug */ = {
			isa = XCBuildConfiguration;
			buildSettings = {
				ASSETCATALOG_COMPILER_APPICON_NAME = AppIcon;
				ASSETCATALOG_COMPILER_GLOBAL_ACCENT_COLOR_NAME = AccentColor;
				CODE_SIGN_STYLE = Automatic;
				CURRENT_PROJECT_VERSION = 1;
				DEVELOPMENT_TEAM = 83W4U4573K;
				GENERATE_INFOPLIST_FILE = YES;
				INFOPLIST_FILE = "Movie Time/Info.plist";
				INFOPLIST_KEY_UIApplicationSupportsIndirectInputEvents = YES;
				INFOPLIST_KEY_UILaunchStoryboardName = LaunchScreen;
				INFOPLIST_KEY_UISupportedInterfaceOrientations_iPad = "UIInterfaceOrientationPortrait UIInterfaceOrientationPortraitUpsideDown UIInterfaceOrientationLandscapeLeft UIInterfaceOrientationLandscapeRight";
				INFOPLIST_KEY_UISupportedInterfaceOrientations_iPhone = "UIInterfaceOrientationPortrait UIInterfaceOrientationLandscapeLeft UIInterfaceOrientationLandscapeRight";
				LD_RUNPATH_SEARCH_PATHS = (
					"$(inherited)",
					"@executable_path/Frameworks",
				);
				MARKETING_VERSION = 1.0;
				PRODUCT_BUNDLE_IDENTIFIER = "co.yurk.Movie-Time";
				PRODUCT_NAME = "$(TARGET_NAME)";
				SWIFT_EMIT_LOC_STRINGS = YES;
				SWIFT_VERSION = 5.0;
				TARGETED_DEVICE_FAMILY = 1;
			};
			name = Debug;
		};
		DEAE07E527615488004F44C4 /* Release */ = {
			isa = XCBuildConfiguration;
			buildSettings = {
				ASSETCATALOG_COMPILER_APPICON_NAME = AppIcon;
				ASSETCATALOG_COMPILER_GLOBAL_ACCENT_COLOR_NAME = AccentColor;
				CODE_SIGN_STYLE = Automatic;
				CURRENT_PROJECT_VERSION = 1;
				DEVELOPMENT_TEAM = 83W4U4573K;
				GENERATE_INFOPLIST_FILE = YES;
				INFOPLIST_FILE = "Movie Time/Info.plist";
				INFOPLIST_KEY_UIApplicationSupportsIndirectInputEvents = YES;
				INFOPLIST_KEY_UILaunchStoryboardName = LaunchScreen;
				INFOPLIST_KEY_UISupportedInterfaceOrientations_iPad = "UIInterfaceOrientationPortrait UIInterfaceOrientationPortraitUpsideDown UIInterfaceOrientationLandscapeLeft UIInterfaceOrientationLandscapeRight";
				INFOPLIST_KEY_UISupportedInterfaceOrientations_iPhone = "UIInterfaceOrientationPortrait UIInterfaceOrientationLandscapeLeft UIInterfaceOrientationLandscapeRight";
				LD_RUNPATH_SEARCH_PATHS = (
					"$(inherited)",
					"@executable_path/Frameworks",
				);
				MARKETING_VERSION = 1.0;
				PRODUCT_BUNDLE_IDENTIFIER = "co.yurk.Movie-Time";
				PRODUCT_NAME = "$(TARGET_NAME)";
				SWIFT_EMIT_LOC_STRINGS = YES;
				SWIFT_VERSION = 5.0;
				TARGETED_DEVICE_FAMILY = 1;
			};
			name = Release;
		};
/* End XCBuildConfiguration section */

/* Begin XCConfigurationList section */
		DEAE07CA27615483004F44C4 /* Build configuration list for PBXProject "Movie Time" */ = {
			isa = XCConfigurationList;
			buildConfigurations = (
				DEAE07E127615488004F44C4 /* Debug */,
				DEAE07E227615488004F44C4 /* Release */,
			);
			defaultConfigurationIsVisible = 0;
			defaultConfigurationName = Release;
		};
		DEAE07E327615488004F44C4 /* Build configuration list for PBXNativeTarget "Movie Time" */ = {
			isa = XCConfigurationList;
			buildConfigurations = (
				DEAE07E427615488004F44C4 /* Debug */,
				DEAE07E527615488004F44C4 /* Release */,
			);
			defaultConfigurationIsVisible = 0;
			defaultConfigurationName = Release;
		};
/* End XCConfigurationList section */
	};
	rootObject = DEAE07C727615483004F44C4 /* Project object */;
}
